// !$*UTF8*$!
{
	archiveVersion = 1;
	classes = {
	};
	objectVersion = 56;
	objects = {

/* Begin PBXBuildFile section */
		940E01DD2CCBA4B6000EE9A7 /* Observable.swift in Sources */ = {isa = PBXBuildFile; fileRef = 940E01DC2CCBA4B6000EE9A7 /* Observable.swift */; };
		940E01DF2CCBBDDB000EE9A7 /* EditBookVC.swift in Sources */ = {isa = PBXBuildFile; fileRef = 940E01DE2CCBBDDB000EE9A7 /* EditBookVC.swift */; };
		940E01E12CCBBE65000EE9A7 /* EditBookVM.swift in Sources */ = {isa = PBXBuildFile; fileRef = 940E01E02CCBBE65000EE9A7 /* EditBookVM.swift */; };
		94385C892CC95E4A00AFA58C /* AppAppearance.swift in Sources */ = {isa = PBXBuildFile; fileRef = 94385C882CC95E4A00AFA58C /* AppAppearance.swift */; };
		94385C8B2CC968CB00AFA58C /* SortingView.swift in Sources */ = {isa = PBXBuildFile; fileRef = 94385C8A2CC968CB00AFA58C /* SortingView.swift */; };
		94385C8D2CC96C5C00AFA58C /* SortingState.swift in Sources */ = {isa = PBXBuildFile; fileRef = 94385C8C2CC96C5C00AFA58C /* SortingState.swift */; };
		94385C902CCA4B2500AFA58C /* SystemAlertArguments.swift in Sources */ = {isa = PBXBuildFile; fileRef = 94385C8F2CCA4B2500AFA58C /* SystemAlertArguments.swift */; };
		94DBDAD62CC6641500C739CB /* AppDelegate.swift in Sources */ = {isa = PBXBuildFile; fileRef = 94DBDAD52CC6641500C739CB /* AppDelegate.swift */; };
		94DBDAE02CC6641500C739CB /* CoreDataStorage.xcdatamodeld in Sources */ = {isa = PBXBuildFile; fileRef = 94DBDADE2CC6641500C739CB /* CoreDataStorage.xcdatamodeld */; };
		94DBDAE22CC6641700C739CB /* Assets.xcassets in Resources */ = {isa = PBXBuildFile; fileRef = 94DBDAE12CC6641700C739CB /* Assets.xcassets */; };
		94DBDAE52CC6641700C739CB /* Base in Resources */ = {isa = PBXBuildFile; fileRef = 94DBDAE42CC6641700C739CB /* Base */; };
		94DBDAF12CC694A200C739CB /* AppCoordinator.swift in Sources */ = {isa = PBXBuildFile; fileRef = 94DBDAF02CC694A200C739CB /* AppCoordinator.swift */; };
		94DBDAF52CC6A3E400C739CB /* MainVC.swift in Sources */ = {isa = PBXBuildFile; fileRef = 94DBDAF42CC6A3E400C739CB /* MainVC.swift */; };
		94DBDAF72CC6A3EB00C739CB /* MainVM.swift in Sources */ = {isa = PBXBuildFile; fileRef = 94DBDAF62CC6A3EB00C739CB /* MainVM.swift */; };
		94DBDAFA2CC788A700C739CB /* LibraryTableView.swift in Sources */ = {isa = PBXBuildFile; fileRef = 94DBDAF92CC788A700C739CB /* LibraryTableView.swift */; };
		94DBDAFC2CC78A3900C739CB /* BookCell.swift in Sources */ = {isa = PBXBuildFile; fileRef = 94DBDAFB2CC78A3900C739CB /* BookCell.swift */; };
		94DBDAFF2CC78B7200C739CB /* LibrarySection.swift in Sources */ = {isa = PBXBuildFile; fileRef = 94DBDAFE2CC78B7200C739CB /* LibrarySection.swift */; };
		94DBDB012CC78BAD00C739CB /* BookModel.swift in Sources */ = {isa = PBXBuildFile; fileRef = 94DBDB002CC78BAD00C739CB /* BookModel.swift */; };
		94DBDB042CC7911A00C739CB /* ReusableView.swift in Sources */ = {isa = PBXBuildFile; fileRef = 94DBDB032CC7911A00C739CB /* ReusableView.swift */; };
		94F6CE6E2CCBFF7000326CAE /* InputField.swift in Sources */ = {isa = PBXBuildFile; fileRef = 94F6CE6D2CCBFF6F00326CAE /* InputField.swift */; };
		94F6CE732CCC0B3E00326CAE /* InputFieldError.swift in Sources */ = {isa = PBXBuildFile; fileRef = 94F6CE722CCC0B3E00326CAE /* InputFieldError.swift */; };
		94F6CE792CCE8E2C00326CAE /* InputFields.swift in Sources */ = {isa = PBXBuildFile; fileRef = 94F6CE782CCE8E2C00326CAE /* InputFields.swift */; };
		94F6CE7B2CCE9D8500326CAE /* InputFieldHandler.swift in Sources */ = {isa = PBXBuildFile; fileRef = 94F6CE7A2CCE9D8500326CAE /* InputFieldHandler.swift */; };
		94F6CE7D2CCEC8AC00326CAE /* CoreDataStorage.swift in Sources */ = {isa = PBXBuildFile; fileRef = 94F6CE7C2CCEC8AC00326CAE /* CoreDataStorage.swift */; };
		94F6CE7F2CCECAAC00326CAE /* CoreDataBooksStorage.swift in Sources */ = {isa = PBXBuildFile; fileRef = 94F6CE7E2CCECAAC00326CAE /* CoreDataBooksStorage.swift */; };
		94F6CE862CCF018400326CAE /* Strings.swift in Sources */ = {isa = PBXBuildFile; fileRef = 94F6CE852CCF018400326CAE /* Strings.swift */; };
		94F6CE892CCF159A00326CAE /* EditBookCoordinator.swift in Sources */ = {isa = PBXBuildFile; fileRef = 94F6CE882CCF159A00326CAE /* EditBookCoordinator.swift */; };
		94F6CE8B2CCF15E700326CAE /* MainCoordinator.swift in Sources */ = {isa = PBXBuildFile; fileRef = 94F6CE8A2CCF15E700326CAE /* MainCoordinator.swift */; };
		94F6CE8D2CCF168500326CAE /* Coordinator.swift in Sources */ = {isa = PBXBuildFile; fileRef = 94F6CE8C2CCF168500326CAE /* Coordinator.swift */; };
		94F6CE902CCF16F000326CAE /* MainStorage.swift in Sources */ = {isa = PBXBuildFile; fileRef = 94F6CE8F2CCF16F000326CAE /* MainStorage.swift */; };
		94F6CE922CCF17A600326CAE /* EditBookStorage.swift in Sources */ = {isa = PBXBuildFile; fileRef = 94F6CE912CCF17A600326CAE /* EditBookStorage.swift */; };
/* End PBXBuildFile section */

/* Begin PBXFileReference section */
		940E01DC2CCBA4B6000EE9A7 /* Observable.swift */ = {isa = PBXFileReference; lastKnownFileType = sourcecode.swift; path = Observable.swift; sourceTree = "<group>"; };
		940E01DE2CCBBDDB000EE9A7 /* EditBookVC.swift */ = {isa = PBXFileReference; lastKnownFileType = sourcecode.swift; path = EditBookVC.swift; sourceTree = "<group>"; };
		940E01E02CCBBE65000EE9A7 /* EditBookVM.swift */ = {isa = PBXFileReference; lastKnownFileType = sourcecode.swift; path = EditBookVM.swift; sourceTree = "<group>"; };
		94385C882CC95E4A00AFA58C /* AppAppearance.swift */ = {isa = PBXFileReference; lastKnownFileType = sourcecode.swift; path = AppAppearance.swift; sourceTree = "<group>"; };
		94385C8A2CC968CB00AFA58C /* SortingView.swift */ = {isa = PBXFileReference; lastKnownFileType = sourcecode.swift; path = SortingView.swift; sourceTree = "<group>"; };
		94385C8C2CC96C5C00AFA58C /* SortingState.swift */ = {isa = PBXFileReference; lastKnownFileType = sourcecode.swift; path = SortingState.swift; sourceTree = "<group>"; };
		94385C8F2CCA4B2500AFA58C /* SystemAlertArguments.swift */ = {isa = PBXFileReference; lastKnownFileType = sourcecode.swift; path = SystemAlertArguments.swift; sourceTree = "<group>"; };
		94DBDAD22CC6641500C739CB /* Library.app */ = {isa = PBXFileReference; explicitFileType = wrapper.application; includeInIndex = 0; path = Library.app; sourceTree = BUILT_PRODUCTS_DIR; };
		94DBDAD52CC6641500C739CB /* AppDelegate.swift */ = {isa = PBXFileReference; lastKnownFileType = sourcecode.swift; path = AppDelegate.swift; sourceTree = "<group>"; };
		94DBDADF2CC6641500C739CB /* Library.xcdatamodel */ = {isa = PBXFileReference; lastKnownFileType = wrapper.xcdatamodel; path = Library.xcdatamodel; sourceTree = "<group>"; };
		94DBDAE12CC6641700C739CB /* Assets.xcassets */ = {isa = PBXFileReference; lastKnownFileType = folder.assetcatalog; path = Assets.xcassets; sourceTree = "<group>"; };
		94DBDAE42CC6641700C739CB /* Base */ = {isa = PBXFileReference; lastKnownFileType = file.storyboard; name = Base; path = Base.lproj/LaunchScreen.storyboard; sourceTree = "<group>"; };
		94DBDAE62CC6641700C739CB /* Info.plist */ = {isa = PBXFileReference; lastKnownFileType = text.plist.xml; path = Info.plist; sourceTree = "<group>"; };
		94DBDAF02CC694A200C739CB /* AppCoordinator.swift */ = {isa = PBXFileReference; lastKnownFileType = sourcecode.swift; path = AppCoordinator.swift; sourceTree = "<group>"; };
		94DBDAF42CC6A3E400C739CB /* MainVC.swift */ = {isa = PBXFileReference; lastKnownFileType = sourcecode.swift; path = MainVC.swift; sourceTree = "<group>"; };
		94DBDAF62CC6A3EB00C739CB /* MainVM.swift */ = {isa = PBXFileReference; lastKnownFileType = sourcecode.swift; path = MainVM.swift; sourceTree = "<group>"; };
		94DBDAF92CC788A700C739CB /* LibraryTableView.swift */ = {isa = PBXFileReference; lastKnownFileType = sourcecode.swift; path = LibraryTableView.swift; sourceTree = "<group>"; };
		94DBDAFB2CC78A3900C739CB /* BookCell.swift */ = {isa = PBXFileReference; lastKnownFileType = sourcecode.swift; path = BookCell.swift; sourceTree = "<group>"; };
		94DBDAFE2CC78B7200C739CB /* LibrarySection.swift */ = {isa = PBXFileReference; lastKnownFileType = sourcecode.swift; path = LibrarySection.swift; sourceTree = "<group>"; };
		94DBDB002CC78BAD00C739CB /* BookModel.swift */ = {isa = PBXFileReference; lastKnownFileType = sourcecode.swift; path = BookModel.swift; sourceTree = "<group>"; };
		94DBDB032CC7911A00C739CB /* ReusableView.swift */ = {isa = PBXFileReference; lastKnownFileType = sourcecode.swift; path = ReusableView.swift; sourceTree = "<group>"; };
		94F6CE6D2CCBFF6F00326CAE /* InputField.swift */ = {isa = PBXFileReference; lastKnownFileType = sourcecode.swift; path = InputField.swift; sourceTree = "<group>"; };
		94F6CE722CCC0B3E00326CAE /* InputFieldError.swift */ = {isa = PBXFileReference; lastKnownFileType = sourcecode.swift; path = InputFieldError.swift; sourceTree = "<group>"; };
		94F6CE782CCE8E2C00326CAE /* InputFields.swift */ = {isa = PBXFileReference; lastKnownFileType = sourcecode.swift; path = InputFields.swift; sourceTree = "<group>"; };
		94F6CE7A2CCE9D8500326CAE /* InputFieldHandler.swift */ = {isa = PBXFileReference; lastKnownFileType = sourcecode.swift; path = InputFieldHandler.swift; sourceTree = "<group>"; };
		94F6CE7C2CCEC8AC00326CAE /* CoreDataStorage.swift */ = {isa = PBXFileReference; lastKnownFileType = sourcecode.swift; path = CoreDataStorage.swift; sourceTree = "<group>"; };
		94F6CE7E2CCECAAC00326CAE /* CoreDataBooksStorage.swift */ = {isa = PBXFileReference; lastKnownFileType = sourcecode.swift; path = CoreDataBooksStorage.swift; sourceTree = "<group>"; };
		94F6CE852CCF018400326CAE /* Strings.swift */ = {isa = PBXFileReference; lastKnownFileType = sourcecode.swift; path = Strings.swift; sourceTree = "<group>"; };
		94F6CE882CCF159A00326CAE /* EditBookCoordinator.swift */ = {isa = PBXFileReference; lastKnownFileType = sourcecode.swift; path = EditBookCoordinator.swift; sourceTree = "<group>"; };
		94F6CE8A2CCF15E700326CAE /* MainCoordinator.swift */ = {isa = PBXFileReference; lastKnownFileType = sourcecode.swift; path = MainCoordinator.swift; sourceTree = "<group>"; };
		94F6CE8C2CCF168500326CAE /* Coordinator.swift */ = {isa = PBXFileReference; lastKnownFileType = sourcecode.swift; path = Coordinator.swift; sourceTree = "<group>"; };
		94F6CE8F2CCF16F000326CAE /* MainStorage.swift */ = {isa = PBXFileReference; lastKnownFileType = sourcecode.swift; path = MainStorage.swift; sourceTree = "<group>"; };
		94F6CE912CCF17A600326CAE /* EditBookStorage.swift */ = {isa = PBXFileReference; lastKnownFileType = sourcecode.swift; path = EditBookStorage.swift; sourceTree = "<group>"; };
/* End PBXFileReference section */

/* Begin PBXFrameworksBuildPhase section */
		94DBDACF2CC6641500C739CB /* Frameworks */ = {
			isa = PBXFrameworksBuildPhase;
			buildActionMask = 2147483647;
			files = (
			);
			runOnlyForDeploymentPostprocessing = 0;
		};
/* End PBXFrameworksBuildPhase section */

/* Begin PBXGroup section */
		940E01D62CCB8A6A000EE9A7 /* EditBook */ = {
			isa = PBXGroup;
			children = (
				940E01DE2CCBBDDB000EE9A7 /* EditBookVC.swift */,
				940E01E02CCBBE65000EE9A7 /* EditBookVM.swift */,
			);
			path = EditBook;
			sourceTree = "<group>";
		};
		94385C8E2CCA4B0500AFA58C /* SystemAlert */ = {
			isa = PBXGroup;
			children = (
				94385C8F2CCA4B2500AFA58C /* SystemAlertArguments.swift */,
			);
			path = SystemAlert;
			sourceTree = "<group>";
		};
		94385C912CCA56D200AFA58C /* Storage */ = {
			isa = PBXGroup;
			children = (
				94F6CE8E2CCF16CF00326CAE /* Protocols */,
				94F6CE7E2CCECAAC00326CAE /* CoreDataBooksStorage.swift */,
				94F6CE7C2CCEC8AC00326CAE /* CoreDataStorage.swift */,
				94DBDADE2CC6641500C739CB /* CoreDataStorage.xcdatamodeld */,
			);
			path = Storage;
			sourceTree = "<group>";
		};
		94DBDAC92CC6641500C739CB = {
			isa = PBXGroup;
			children = (
				94DBDAD42CC6641500C739CB /* Library */,
				94DBDAD32CC6641500C739CB /* Products */,
			);
			sourceTree = "<group>";
		};
		94DBDAD32CC6641500C739CB /* Products */ = {
			isa = PBXGroup;
			children = (
				94DBDAD22CC6641500C739CB /* Library.app */,
			);
			name = Products;
			sourceTree = "<group>";
		};
		94DBDAD42CC6641500C739CB /* Library */ = {
			isa = PBXGroup;
			children = (
				94DBDAD52CC6641500C739CB /* AppDelegate.swift */,
				94385C882CC95E4A00AFA58C /* AppAppearance.swift */,
				94DBDAEC2CC6922C00C739CB /* Coordinator */,
				94F6CE702CCC04C900326CAE /* Services */,
				94DBDAF22CC69F7E00C739CB /* Modules */,
				94DBDB022CC78E4F00C739CB /* UIKit */,
				94F6CE712CCC063E00326CAE /* Utils */,
				94F6CE812CCEFF3500326CAE /* Resources */,
				94DBDAE62CC6641700C739CB /* Info.plist */,
			);
			path = Library;
			sourceTree = "<group>";
		};
		94DBDAEC2CC6922C00C739CB /* Coordinator */ = {
			isa = PBXGroup;
			children = (
				94F6CE872CCF158400326CAE /* Protocols */,
				94DBDAF02CC694A200C739CB /* AppCoordinator.swift */,
			);
			path = Coordinator;
			sourceTree = "<group>";
		};
		94DBDAF22CC69F7E00C739CB /* Modules */ = {
			isa = PBXGroup;
			children = (
				940E01D62CCB8A6A000EE9A7 /* EditBook */,
				94DBDAF32CC69F8800C739CB /* Main */,
			);
			path = Modules;
			sourceTree = "<group>";
		};
		94DBDAF32CC69F8800C739CB /* Main */ = {
			isa = PBXGroup;
			children = (
				94DBDAF42CC6A3E400C739CB /* MainVC.swift */,
				94DBDAF62CC6A3EB00C739CB /* MainVM.swift */,
				94DBDAF82CC7889400C739CB /* Components */,
				94DBDAFD2CC78A5800C739CB /* Models */,
			);
			path = Main;
			sourceTree = "<group>";
		};
		94DBDAF82CC7889400C739CB /* Components */ = {
			isa = PBXGroup;
			children = (
				94DBDAF92CC788A700C739CB /* LibraryTableView.swift */,
				94DBDAFB2CC78A3900C739CB /* BookCell.swift */,
				94385C8A2CC968CB00AFA58C /* SortingView.swift */,
			);
			path = Components;
			sourceTree = "<group>";
		};
		94DBDAFD2CC78A5800C739CB /* Models */ = {
			isa = PBXGroup;
			children = (
				94DBDAFE2CC78B7200C739CB /* LibrarySection.swift */,
				94DBDB002CC78BAD00C739CB /* BookModel.swift */,
				94385C8C2CC96C5C00AFA58C /* SortingState.swift */,
			);
			path = Models;
			sourceTree = "<group>";
		};
		94DBDB022CC78E4F00C739CB /* UIKit */ = {
			isa = PBXGroup;
			children = (
				94F6CE6F2CCC047300326CAE /* InputField */,
				94385C8E2CCA4B0500AFA58C /* SystemAlert */,
				94F6CE802CCEEE4200326CAE /* ReusableView */,
			);
			path = UIKit;
			sourceTree = "<group>";
		};
		94F6CE6F2CCC047300326CAE /* InputField */ = {
			isa = PBXGroup;
			children = (
				94F6CE6D2CCBFF6F00326CAE /* InputField.swift */,
				94F6CE782CCE8E2C00326CAE /* InputFields.swift */,
				94F6CE722CCC0B3E00326CAE /* InputFieldError.swift */,
				94F6CE7A2CCE9D8500326CAE /* InputFieldHandler.swift */,
			);
			path = InputField;
			sourceTree = "<group>";
		};
		94F6CE702CCC04C900326CAE /* Services */ = {
			isa = PBXGroup;
			children = (
				94385C912CCA56D200AFA58C /* Storage */,
			);
			path = Services;
			sourceTree = "<group>";
		};
		94F6CE712CCC063E00326CAE /* Utils */ = {
			isa = PBXGroup;
			children = (
				940E01DC2CCBA4B6000EE9A7 /* Observable.swift */,
			);
			path = Utils;
			sourceTree = "<group>";
		};
		94F6CE802CCEEE4200326CAE /* ReusableView */ = {
			isa = PBXGroup;
			children = (
				94DBDB032CC7911A00C739CB /* ReusableView.swift */,
			);
			path = ReusableView;
			sourceTree = "<group>";
		};
		94F6CE812CCEFF3500326CAE /* Resources */ = {
			isa = PBXGroup;
			children = (
				94F6CE852CCF018400326CAE /* Strings.swift */,
				94DBDAE32CC6641700C739CB /* LaunchScreen.storyboard */,
				94DBDAE12CC6641700C739CB /* Assets.xcassets */,
			);
			path = Resources;
			sourceTree = "<group>";
		};
		94F6CE872CCF158400326CAE /* Protocols */ = {
			isa = PBXGroup;
			children = (
				94F6CE8C2CCF168500326CAE /* Coordinator.swift */,
				94F6CE8A2CCF15E700326CAE /* MainCoordinator.swift */,
				94F6CE882CCF159A00326CAE /* EditBookCoordinator.swift */,
			);
			path = Protocols;
			sourceTree = "<group>";
		};
		94F6CE8E2CCF16CF00326CAE /* Protocols */ = {
			isa = PBXGroup;
			children = (
				94F6CE8F2CCF16F000326CAE /* MainStorage.swift */,
				94F6CE912CCF17A600326CAE /* EditBookStorage.swift */,
			);
			path = Protocols;
			sourceTree = "<group>";
		};
/* End PBXGroup section */

/* Begin PBXNativeTarget section */
		94DBDAD12CC6641500C739CB /* Library */ = {
			isa = PBXNativeTarget;
			buildConfigurationList = 94DBDAE92CC6641700C739CB /* Build configuration list for PBXNativeTarget "Library" */;
			buildPhases = (
				94DBDACE2CC6641500C739CB /* Sources */,
				94DBDACF2CC6641500C739CB /* Frameworks */,
				94DBDAD02CC6641500C739CB /* Resources */,
			);
			buildRules = (
			);
			dependencies = (
			);
			name = Library;
			productName = Library;
			productReference = 94DBDAD22CC6641500C739CB /* Library.app */;
			productType = "com.apple.product-type.application";
		};
/* End PBXNativeTarget section */

/* Begin PBXProject section */
		94DBDACA2CC6641500C739CB /* Project object */ = {
			isa = PBXProject;
			attributes = {
				BuildIndependentTargetsInParallel = 1;
				LastSwiftUpdateCheck = 1540;
				LastUpgradeCheck = 1540;
				TargetAttributes = {
					94DBDAD12CC6641500C739CB = {
						CreatedOnToolsVersion = 15.4;
					};
				};
			};
			buildConfigurationList = 94DBDACD2CC6641500C739CB /* Build configuration list for PBXProject "Library" */;
			compatibilityVersion = "Xcode 14.0";
			developmentRegion = en;
			hasScannedForEncodings = 0;
			knownRegions = (
				en,
				Base,
			);
			mainGroup = 94DBDAC92CC6641500C739CB;
			productRefGroup = 94DBDAD32CC6641500C739CB /* Products */;
			projectDirPath = "";
			projectRoot = "";
			targets = (
				94DBDAD12CC6641500C739CB /* Library */,
			);
		};
/* End PBXProject section */

/* Begin PBXResourcesBuildPhase section */
		94DBDAD02CC6641500C739CB /* Resources */ = {
			isa = PBXResourcesBuildPhase;
			buildActionMask = 2147483647;
			files = (
				94DBDAE22CC6641700C739CB /* Assets.xcassets in Resources */,
				94DBDAE52CC6641700C739CB /* Base in Resources */,
			);
			runOnlyForDeploymentPostprocessing = 0;
		};
/* End PBXResourcesBuildPhase section */

/* Begin PBXSourcesBuildPhase section */
		94DBDACE2CC6641500C739CB /* Sources */ = {
			isa = PBXSourcesBuildPhase;
			buildActionMask = 2147483647;
			files = (
				94F6CE922CCF17A600326CAE /* EditBookStorage.swift in Sources */,
				94385C8B2CC968CB00AFA58C /* SortingView.swift in Sources */,
				94385C8D2CC96C5C00AFA58C /* SortingState.swift in Sources */,
				94F6CE732CCC0B3E00326CAE /* InputFieldError.swift in Sources */,
				940E01E12CCBBE65000EE9A7 /* EditBookVM.swift in Sources */,
				94DBDAF12CC694A200C739CB /* AppCoordinator.swift in Sources */,
				94F6CE902CCF16F000326CAE /* MainStorage.swift in Sources */,
				94DBDAF72CC6A3EB00C739CB /* MainVM.swift in Sources */,
				94F6CE792CCE8E2C00326CAE /* InputFields.swift in Sources */,
				94DBDAF52CC6A3E400C739CB /* MainVC.swift in Sources */,
				94F6CE8D2CCF168500326CAE /* Coordinator.swift in Sources */,
				94385C902CCA4B2500AFA58C /* SystemAlertArguments.swift in Sources */,
				94F6CE7B2CCE9D8500326CAE /* InputFieldHandler.swift in Sources */,
				94F6CE862CCF018400326CAE /* Strings.swift in Sources */,
				94385C892CC95E4A00AFA58C /* AppAppearance.swift in Sources */,
				94DBDAE02CC6641500C739CB /* CoreDataStorage.xcdatamodeld in Sources */,
				94F6CE7D2CCEC8AC00326CAE /* CoreDataStorage.swift in Sources */,
				94DBDB042CC7911A00C739CB /* ReusableView.swift in Sources */,
				940E01DF2CCBBDDB000EE9A7 /* EditBookVC.swift in Sources */,
				94DBDB012CC78BAD00C739CB /* BookModel.swift in Sources */,
				94F6CE7F2CCECAAC00326CAE /* CoreDataBooksStorage.swift in Sources */,
				94F6CE892CCF159A00326CAE /* EditBookCoordinator.swift in Sources */,
				940E01DD2CCBA4B6000EE9A7 /* Observable.swift in Sources */,
				94DBDAFC2CC78A3900C739CB /* BookCell.swift in Sources */,
				94F6CE6E2CCBFF7000326CAE /* InputField.swift in Sources */,
				94DBDAFF2CC78B7200C739CB /* LibrarySection.swift in Sources */,
				94F6CE8B2CCF15E700326CAE /* MainCoordinator.swift in Sources */,
				94DBDAD62CC6641500C739CB /* AppDelegate.swift in Sources */,
				94DBDAFA2CC788A700C739CB /* LibraryTableView.swift in Sources */,
			);
			runOnlyForDeploymentPostprocessing = 0;
		};
/* End PBXSourcesBuildPhase section */

/* Begin PBXVariantGroup section */
		94DBDAE32CC6641700C739CB /* LaunchScreen.storyboard */ = {
			isa = PBXVariantGroup;
			children = (
				94DBDAE42CC6641700C739CB /* Base */,
			);
			name = LaunchScreen.storyboard;
			sourceTree = "<group>";
		};
/* End PBXVariantGroup section */

/* Begin XCBuildConfiguration section */
		94DBDAE72CC6641700C739CB /* Debug */ = {
			isa = XCBuildConfiguration;
			buildSettings = {
				ALWAYS_SEARCH_USER_PATHS = NO;
				ASSETCATALOG_COMPILER_GENERATE_SWIFT_ASSET_SYMBOL_EXTENSIONS = YES;
				CLANG_ANALYZER_NONNULL = YES;
				CLANG_ANALYZER_NUMBER_OBJECT_CONVERSION = YES_AGGRESSIVE;
				CLANG_CXX_LANGUAGE_STANDARD = "gnu++20";
				CLANG_ENABLE_MODULES = YES;
				CLANG_ENABLE_OBJC_ARC = YES;
				CLANG_ENABLE_OBJC_WEAK = YES;
				CLANG_WARN_BLOCK_CAPTURE_AUTORELEASING = YES;
				CLANG_WARN_BOOL_CONVERSION = YES;
				CLANG_WARN_COMMA = YES;
				CLANG_WARN_CONSTANT_CONVERSION = YES;
				CLANG_WARN_DEPRECATED_OBJC_IMPLEMENTATIONS = YES;
				CLANG_WARN_DIRECT_OBJC_ISA_USAGE = YES_ERROR;
				CLANG_WARN_DOCUMENTATION_COMMENTS = YES;
				CLANG_WARN_EMPTY_BODY = YES;
				CLANG_WARN_ENUM_CONVERSION = YES;
				CLANG_WARN_INFINITE_RECURSION = YES;
				CLANG_WARN_INT_CONVERSION = YES;
				CLANG_WARN_NON_LITERAL_NULL_CONVERSION = YES;
				CLANG_WARN_OBJC_IMPLICIT_RETAIN_SELF = YES;
				CLANG_WARN_OBJC_LITERAL_CONVERSION = YES;
				CLANG_WARN_OBJC_ROOT_CLASS = YES_ERROR;
				CLANG_WARN_QUOTED_INCLUDE_IN_FRAMEWORK_HEADER = YES;
				CLANG_WARN_RANGE_LOOP_ANALYSIS = YES;
				CLANG_WARN_STRICT_PROTOTYPES = YES;
				CLANG_WARN_SUSPICIOUS_MOVE = YES;
				CLANG_WARN_UNGUARDED_AVAILABILITY = YES_AGGRESSIVE;
				CLANG_WARN_UNREACHABLE_CODE = YES;
				CLANG_WARN__DUPLICATE_METHOD_MATCH = YES;
				COPY_PHASE_STRIP = NO;
				DEBUG_INFORMATION_FORMAT = dwarf;
				ENABLE_STRICT_OBJC_MSGSEND = YES;
				ENABLE_TESTABILITY = YES;
				ENABLE_USER_SCRIPT_SANDBOXING = YES;
				GCC_C_LANGUAGE_STANDARD = gnu17;
				GCC_DYNAMIC_NO_PIC = NO;
				GCC_NO_COMMON_BLOCKS = YES;
				GCC_OPTIMIZATION_LEVEL = 0;
				GCC_PREPROCESSOR_DEFINITIONS = (
					"DEBUG=1",
					"$(inherited)",
				);
				GCC_WARN_64_TO_32_BIT_CONVERSION = YES;
				GCC_WARN_ABOUT_RETURN_TYPE = YES_ERROR;
				GCC_WARN_UNDECLARED_SELECTOR = YES;
				GCC_WARN_UNINITIALIZED_AUTOS = YES_AGGRESSIVE;
				GCC_WARN_UNUSED_FUNCTION = YES;
				GCC_WARN_UNUSED_VARIABLE = YES;
				IPHONEOS_DEPLOYMENT_TARGET = 17.5;
				LOCALIZATION_PREFERS_STRING_CATALOGS = YES;
				MTL_ENABLE_DEBUG_INFO = INCLUDE_SOURCE;
				MTL_FAST_MATH = YES;
				ONLY_ACTIVE_ARCH = YES;
				SDKROOT = iphoneos;
				SWIFT_ACTIVE_COMPILATION_CONDITIONS = "DEBUG $(inherited)";
				SWIFT_OPTIMIZATION_LEVEL = "-Onone";
			};
			name = Debug;
		};
		94DBDAE82CC6641700C739CB /* Release */ = {
			isa = XCBuildConfiguration;
			buildSettings = {
				ALWAYS_SEARCH_USER_PATHS = NO;
				ASSETCATALOG_COMPILER_GENERATE_SWIFT_ASSET_SYMBOL_EXTENSIONS = YES;
				CLANG_ANALYZER_NONNULL = YES;
				CLANG_ANALYZER_NUMBER_OBJECT_CONVERSION = YES_AGGRESSIVE;
				CLANG_CXX_LANGUAGE_STANDARD = "gnu++20";
				CLANG_ENABLE_MODULES = YES;
				CLANG_ENABLE_OBJC_ARC = YES;
				CLANG_ENABLE_OBJC_WEAK = YES;
				CLANG_WARN_BLOCK_CAPTURE_AUTORELEASING = YES;
				CLANG_WARN_BOOL_CONVERSION = YES;
				CLANG_WARN_COMMA = YES;
				CLANG_WARN_CONSTANT_CONVERSION = YES;
				CLANG_WARN_DEPRECATED_OBJC_IMPLEMENTATIONS = YES;
				CLANG_WARN_DIRECT_OBJC_ISA_USAGE = YES_ERROR;
				CLANG_WARN_DOCUMENTATION_COMMENTS = YES;
				CLANG_WARN_EMPTY_BODY = YES;
				CLANG_WARN_ENUM_CONVERSION = YES;
				CLANG_WARN_INFINITE_RECURSION = YES;
				CLANG_WARN_INT_CONVERSION = YES;
				CLANG_WARN_NON_LITERAL_NULL_CONVERSION = YES;
				CLANG_WARN_OBJC_IMPLICIT_RETAIN_SELF = YES;
				CLANG_WARN_OBJC_LITERAL_CONVERSION = YES;
				CLANG_WARN_OBJC_ROOT_CLASS = YES_ERROR;
				CLANG_WARN_QUOTED_INCLUDE_IN_FRAMEWORK_HEADER = YES;
				CLANG_WARN_RANGE_LOOP_ANALYSIS = YES;
				CLANG_WARN_STRICT_PROTOTYPES = YES;
				CLANG_WARN_SUSPICIOUS_MOVE = YES;
				CLANG_WARN_UNGUARDED_AVAILABILITY = YES_AGGRESSIVE;
				CLANG_WARN_UNREACHABLE_CODE = YES;
				CLANG_WARN__DUPLICATE_METHOD_MATCH = YES;
				COPY_PHASE_STRIP = NO;
				DEBUG_INFORMATION_FORMAT = "dwarf-with-dsym";
				ENABLE_NS_ASSERTIONS = NO;
				ENABLE_STRICT_OBJC_MSGSEND = YES;
				ENABLE_USER_SCRIPT_SANDBOXING = YES;
				GCC_C_LANGUAGE_STANDARD = gnu17;
				GCC_NO_COMMON_BLOCKS = YES;
				GCC_WARN_64_TO_32_BIT_CONVERSION = YES;
				GCC_WARN_ABOUT_RETURN_TYPE = YES_ERROR;
				GCC_WARN_UNDECLARED_SELECTOR = YES;
				GCC_WARN_UNINITIALIZED_AUTOS = YES_AGGRESSIVE;
				GCC_WARN_UNUSED_FUNCTION = YES;
				GCC_WARN_UNUSED_VARIABLE = YES;
				IPHONEOS_DEPLOYMENT_TARGET = 17.5;
				LOCALIZATION_PREFERS_STRING_CATALOGS = YES;
				MTL_ENABLE_DEBUG_INFO = NO;
				MTL_FAST_MATH = YES;
				SDKROOT = iphoneos;
				SWIFT_COMPILATION_MODE = wholemodule;
				VALIDATE_PRODUCT = YES;
			};
			name = Release;
		};
		94DBDAEA2CC6641700C739CB /* Debug */ = {
			isa = XCBuildConfiguration;
			buildSettings = {
				ASSETCATALOG_COMPILER_APPICON_NAME = AppIcon;
				ASSETCATALOG_COMPILER_GLOBAL_ACCENT_COLOR_NAME = AccentColor;
				CODE_SIGN_STYLE = Automatic;
				CURRENT_PROJECT_VERSION = 1;
				DEVELOPMENT_TEAM = 43Y9RJ4AFP;
				GENERATE_INFOPLIST_FILE = YES;
				INFOPLIST_FILE = Library/Info.plist;
				INFOPLIST_KEY_UIApplicationSupportsIndirectInputEvents = YES;
				INFOPLIST_KEY_UILaunchStoryboardName = LaunchScreen;
				INFOPLIST_KEY_UISupportedInterfaceOrientations_iPad = "UIInterfaceOrientationPortrait UIInterfaceOrientationPortraitUpsideDown UIInterfaceOrientationLandscapeLeft UIInterfaceOrientationLandscapeRight";
				INFOPLIST_KEY_UISupportedInterfaceOrientations_iPhone = "UIInterfaceOrientationPortrait UIInterfaceOrientationLandscapeLeft UIInterfaceOrientationLandscapeRight";
				LD_RUNPATH_SEARCH_PATHS = (
					"$(inherited)",
					"@executable_path/Frameworks",
				);
				MARKETING_VERSION = 1.0;
				PRODUCT_BUNDLE_IDENTIFIER = "-11.Library";
				PRODUCT_NAME = "$(TARGET_NAME)";
				SWIFT_EMIT_LOC_STRINGS = YES;
				SWIFT_VERSION = 5.0;
				TARGETED_DEVICE_FAMILY = "1,2";
			};
			name = Debug;
		};
		94DBDAEB2CC6641700C739CB /* Release */ = {
			isa = XCBuildConfiguration;
			buildSettings = {
				ASSETCATALOG_COMPILER_APPICON_NAME = AppIcon;
				ASSETCATALOG_COMPILER_GLOBAL_ACCENT_COLOR_NAME = AccentColor;
				CODE_SIGN_STYLE = Automatic;
				CURRENT_PROJECT_VERSION = 1;
				DEVELOPMENT_TEAM = 43Y9RJ4AFP;
				GENERATE_INFOPLIST_FILE = YES;
				INFOPLIST_FILE = Library/Info.plist;
				INFOPLIST_KEY_UIApplicationSupportsIndirectInputEvents = YES;
				INFOPLIST_KEY_UILaunchStoryboardName = LaunchScreen;
				INFOPLIST_KEY_UISupportedInterfaceOrientations_iPad = "UIInterfaceOrientationPortrait UIInterfaceOrientationPortraitUpsideDown UIInterfaceOrientationLandscapeLeft UIInterfaceOrientationLandscapeRight";
				INFOPLIST_KEY_UISupportedInterfaceOrientations_iPhone = "UIInterfaceOrientationPortrait UIInterfaceOrientationLandscapeLeft UIInterfaceOrientationLandscapeRight";
				LD_RUNPATH_SEARCH_PATHS = (
					"$(inherited)",
					"@executable_path/Frameworks",
				);
				MARKETING_VERSION = 1.0;
				PRODUCT_BUNDLE_IDENTIFIER = "-11.Library";
				PRODUCT_NAME = "$(TARGET_NAME)";
				SWIFT_EMIT_LOC_STRINGS = YES;
				SWIFT_VERSION = 5.0;
				TARGETED_DEVICE_FAMILY = "1,2";
			};
			name = Release;
		};
/* End XCBuildConfiguration section */

/* Begin XCConfigurationList section */
		94DBDACD2CC6641500C739CB /* Build configuration list for PBXProject "Library" */ = {
			isa = XCConfigurationList;
			buildConfigurations = (
				94DBDAE72CC6641700C739CB /* Debug */,
				94DBDAE82CC6641700C739CB /* Release */,
			);
			defaultConfigurationIsVisible = 0;
			defaultConfigurationName = Release;
		};
		94DBDAE92CC6641700C739CB /* Build configuration list for PBXNativeTarget "Library" */ = {
			isa = XCConfigurationList;
			buildConfigurations = (
				94DBDAEA2CC6641700C739CB /* Debug */,
				94DBDAEB2CC6641700C739CB /* Release */,
			);
			defaultConfigurationIsVisible = 0;
			defaultConfigurationName = Release;
		};
/* End XCConfigurationList section */

/* Begin XCVersionGroup section */
		94DBDADE2CC6641500C739CB /* CoreDataStorage.xcdatamodeld */ = {
			isa = XCVersionGroup;
			children = (
				94DBDADF2CC6641500C739CB /* Library.xcdatamodel */,
			);
			currentVersion = 94DBDADF2CC6641500C739CB /* Library.xcdatamodel */;
			path = CoreDataStorage.xcdatamodeld;
			sourceTree = "<group>";
			versionGroupType = wrapper.xcdatamodel;
		};
/* End XCVersionGroup section */
	};
	rootObject = 94DBDACA2CC6641500C739CB /* Project object */;
}
